// !$*UTF8*$!
{
	archiveVersion = 1;
	classes = {
	};
	objectVersion = 55;
	objects = {

/* Begin PBXBuildFile section */
		3F6EE07628F5C5720033CEE4 /* xkcdViewerApp.swift in Sources */ = {isa = PBXBuildFile; fileRef = 3F6EE07528F5C5720033CEE4 /* xkcdViewerApp.swift */; };
		3F6EE07828F5C5720033CEE4 /* ContentView.swift in Sources */ = {isa = PBXBuildFile; fileRef = 3F6EE07728F5C5720033CEE4 /* ContentView.swift */; };
		3F6EE07A28F5C5730033CEE4 /* Assets.xcassets in Resources */ = {isa = PBXBuildFile; fileRef = 3F6EE07928F5C5730033CEE4 /* Assets.xcassets */; };
		3F6EE07D28F5C5730033CEE4 /* Preview Assets.xcassets in Resources */ = {isa = PBXBuildFile; fileRef = 3F6EE07C28F5C5730033CEE4 /* Preview Assets.xcassets */; };
		3F6EE08728F5C5730033CEE4 /* xkcdViewerTests.swift in Sources */ = {isa = PBXBuildFile; fileRef = 3F6EE08628F5C5730033CEE4 /* xkcdViewerTests.swift */; };
		3F6EE09128F5C5730033CEE4 /* xkcdViewerUITests.swift in Sources */ = {isa = PBXBuildFile; fileRef = 3F6EE09028F5C5730033CEE4 /* xkcdViewerUITests.swift */; };
		3F6EE09328F5C5730033CEE4 /* xkcdViewerUITestsLaunchTests.swift in Sources */ = {isa = PBXBuildFile; fileRef = 3F6EE09228F5C5730033CEE4 /* xkcdViewerUITestsLaunchTests.swift */; };
		3F78F76428F874F1008177A1 /* API_Model.swift in Sources */ = {isa = PBXBuildFile; fileRef = 3F78F76328F874F1008177A1 /* API_Model.swift */; };
		3F78F76628F87632008177A1 /* API_Data.swift in Sources */ = {isa = PBXBuildFile; fileRef = 3F78F76528F87632008177A1 /* API_Data.swift */; };
		3FDA41DE290852C7005131E6 /* ConfettiSwiftUI in Frameworks */ = {isa = PBXBuildFile; productRef = 3FDA41DD290852C7005131E6 /* ConfettiSwiftUI */; };
/* End PBXBuildFile section */

/* Begin PBXContainerItemProxy section */
		3F6EE08328F5C5730033CEE4 /* PBXContainerItemProxy */ = {
			isa = PBXContainerItemProxy;
			containerPortal = 3F6EE06A28F5C5720033CEE4 /* Project object */;
			proxyType = 1;
			remoteGlobalIDString = 3F6EE07128F5C5720033CEE4;
			remoteInfo = xkcdViewer;
		};
		3F6EE08D28F5C5730033CEE4 /* PBXContainerItemProxy */ = {
			isa = PBXContainerItemProxy;
			containerPortal = 3F6EE06A28F5C5720033CEE4 /* Project object */;
			proxyType = 1;
			remoteGlobalIDString = 3F6EE07128F5C5720033CEE4;
			remoteInfo = xkcdViewer;
		};
/* End PBXContainerItemProxy section */

/* Begin PBXFileReference section */
		3F6EE07228F5C5720033CEE4 /* xkcdViewer.app */ = {isa = PBXFileReference; explicitFileType = wrapper.application; includeInIndex = 0; path = xkcdViewer.app; sourceTree = BUILT_PRODUCTS_DIR; };
		3F6EE07528F5C5720033CEE4 /* xkcdViewerApp.swift */ = {isa = PBXFileReference; lastKnownFileType = sourcecode.swift; path = xkcdViewerApp.swift; sourceTree = "<group>"; };
		3F6EE07728F5C5720033CEE4 /* ContentView.swift */ = {isa = PBXFileReference; lastKnownFileType = sourcecode.swift; path = ContentView.swift; sourceTree = "<group>"; };
		3F6EE07928F5C5730033CEE4 /* Assets.xcassets */ = {isa = PBXFileReference; lastKnownFileType = folder.assetcatalog; path = Assets.xcassets; sourceTree = "<group>"; };
		3F6EE07C28F5C5730033CEE4 /* Preview Assets.xcassets */ = {isa = PBXFileReference; lastKnownFileType = folder.assetcatalog; path = "Preview Assets.xcassets"; sourceTree = "<group>"; };
		3F6EE08228F5C5730033CEE4 /* xkcdViewerTests.xctest */ = {isa = PBXFileReference; explicitFileType = wrapper.cfbundle; includeInIndex = 0; path = xkcdViewerTests.xctest; sourceTree = BUILT_PRODUCTS_DIR; };
		3F6EE08628F5C5730033CEE4 /* xkcdViewerTests.swift */ = {isa = PBXFileReference; lastKnownFileType = sourcecode.swift; path = xkcdViewerTests.swift; sourceTree = "<group>"; };
		3F6EE08C28F5C5730033CEE4 /* xkcdViewerUITests.xctest */ = {isa = PBXFileReference; explicitFileType = wrapper.cfbundle; includeInIndex = 0; path = xkcdViewerUITests.xctest; sourceTree = BUILT_PRODUCTS_DIR; };
		3F6EE09028F5C5730033CEE4 /* xkcdViewerUITests.swift */ = {isa = PBXFileReference; lastKnownFileType = sourcecode.swift; path = xkcdViewerUITests.swift; sourceTree = "<group>"; };
		3F6EE09228F5C5730033CEE4 /* xkcdViewerUITestsLaunchTests.swift */ = {isa = PBXFileReference; lastKnownFileType = sourcecode.swift; path = xkcdViewerUITestsLaunchTests.swift; sourceTree = "<group>"; };
		3F78F76328F874F1008177A1 /* API_Model.swift */ = {isa = PBXFileReference; lastKnownFileType = sourcecode.swift; path = API_Model.swift; sourceTree = "<group>"; };
		3F78F76528F87632008177A1 /* API_Data.swift */ = {isa = PBXFileReference; lastKnownFileType = sourcecode.swift; path = API_Data.swift; sourceTree = "<group>"; };
/* End PBXFileReference section */

/* Begin PBXFrameworksBuildPhase section */
		3F6EE06F28F5C5720033CEE4 /* Frameworks */ = {
			isa = PBXFrameworksBuildPhase;
			buildActionMask = 2147483647;
			files = (
				3FDA41DE290852C7005131E6 /* ConfettiSwiftUI in Frameworks */,
			);
			runOnlyForDeploymentPostprocessing = 0;
		};
		3F6EE07F28F5C5730033CEE4 /* Frameworks */ = {
			isa = PBXFrameworksBuildPhase;
			buildActionMask = 2147483647;
			files = (
			);
			runOnlyForDeploymentPostprocessing = 0;
		};
		3F6EE08928F5C5730033CEE4 /* Frameworks */ = {
			isa = PBXFrameworksBuildPhase;
			buildActionMask = 2147483647;
			files = (
			);
			runOnlyForDeploymentPostprocessing = 0;
		};
/* End PBXFrameworksBuildPhase section */

/* Begin PBXGroup section */
		3F6EE06928F5C5720033CEE4 = {
			isa = PBXGroup;
			children = (
				3F6EE07428F5C5720033CEE4 /* xkcdViewer */,
				3F6EE08528F5C5730033CEE4 /* xkcdViewerTests */,
				3F6EE08F28F5C5730033CEE4 /* xkcdViewerUITests */,
				3F6EE07328F5C5720033CEE4 /* Products */,
			);
			sourceTree = "<group>";
		};
		3F6EE07328F5C5720033CEE4 /* Products */ = {
			isa = PBXGroup;
			children = (
				3F6EE07228F5C5720033CEE4 /* xkcdViewer.app */,
				3F6EE08228F5C5730033CEE4 /* xkcdViewerTests.xctest */,
				3F6EE08C28F5C5730033CEE4 /* xkcdViewerUITests.xctest */,
			);
			name = Products;
			sourceTree = "<group>";
		};
		3F6EE07428F5C5720033CEE4 /* xkcdViewer */ = {
			isa = PBXGroup;
			children = (
				3F6EE07528F5C5720033CEE4 /* xkcdViewerApp.swift */,
				3F6EE07728F5C5720033CEE4 /* ContentView.swift */,
				3F78F76328F874F1008177A1 /* API_Model.swift */,
				3F78F76528F87632008177A1 /* API_Data.swift */,
				3F6EE07928F5C5730033CEE4 /* Assets.xcassets */,
				3F6EE07B28F5C5730033CEE4 /* Preview Content */,
			);
			path = xkcdViewer;
			sourceTree = "<group>";
		};
		3F6EE07B28F5C5730033CEE4 /* Preview Content */ = {
			isa = PBXGroup;
			children = (
				3F6EE07C28F5C5730033CEE4 /* Preview Assets.xcassets */,
			);
			path = "Preview Content";
			sourceTree = "<group>";
		};
		3F6EE08528F5C5730033CEE4 /* xkcdViewerTests */ = {
			isa = PBXGroup;
			children = (
				3F6EE08628F5C5730033CEE4 /* xkcdViewerTests.swift */,
			);
			path = xkcdViewerTests;
			sourceTree = "<group>";
		};
		3F6EE08F28F5C5730033CEE4 /* xkcdViewerUITests */ = {
			isa = PBXGroup;
			children = (
				3F6EE09028F5C5730033CEE4 /* xkcdViewerUITests.swift */,
				3F6EE09228F5C5730033CEE4 /* xkcdViewerUITestsLaunchTests.swift */,
			);
			path = xkcdViewerUITests;
			sourceTree = "<group>";
		};
/* End PBXGroup section */

/* Begin PBXNativeTarget section */
		3F6EE07128F5C5720033CEE4 /* xkcdViewer */ = {
			isa = PBXNativeTarget;
			buildConfigurationList = 3F6EE09628F5C5730033CEE4 /* Build configuration list for PBXNativeTarget "xkcdViewer" */;
			buildPhases = (
				3F6EE06E28F5C5720033CEE4 /* Sources */,
				3F6EE06F28F5C5720033CEE4 /* Frameworks */,
				3F6EE07028F5C5720033CEE4 /* Resources */,
			);
			buildRules = (
			);
			dependencies = (
			);
			name = xkcdViewer;
			packageProductDependencies = (
				3FDA41DD290852C7005131E6 /* ConfettiSwiftUI */,
			);
			productName = xkcdViewer;
			productReference = 3F6EE07228F5C5720033CEE4 /* xkcdViewer.app */;
			productType = "com.apple.product-type.application";
		};
		3F6EE08128F5C5730033CEE4 /* xkcdViewerTests */ = {
			isa = PBXNativeTarget;
			buildConfigurationList = 3F6EE09928F5C5730033CEE4 /* Build configuration list for PBXNativeTarget "xkcdViewerTests" */;
			buildPhases = (
				3F6EE07E28F5C5730033CEE4 /* Sources */,
				3F6EE07F28F5C5730033CEE4 /* Frameworks */,
				3F6EE08028F5C5730033CEE4 /* Resources */,
			);
			buildRules = (
			);
			dependencies = (
				3F6EE08428F5C5730033CEE4 /* PBXTargetDependency */,
			);
			name = xkcdViewerTests;
			productName = xkcdViewerTests;
			productReference = 3F6EE08228F5C5730033CEE4 /* xkcdViewerTests.xctest */;
			productType = "com.apple.product-type.bundle.unit-test";
		};
		3F6EE08B28F5C5730033CEE4 /* xkcdViewerUITests */ = {
			isa = PBXNativeTarget;
			buildConfigurationList = 3F6EE09C28F5C5730033CEE4 /* Build configuration list for PBXNativeTarget "xkcdViewerUITests" */;
			buildPhases = (
				3F6EE08828F5C5730033CEE4 /* Sources */,
				3F6EE08928F5C5730033CEE4 /* Frameworks */,
				3F6EE08A28F5C5730033CEE4 /* Resources */,
			);
			buildRules = (
			);
			dependencies = (
				3F6EE08E28F5C5730033CEE4 /* PBXTargetDependency */,
			);
			name = xkcdViewerUITests;
			productName = xkcdViewerUITests;
			productReference = 3F6EE08C28F5C5730033CEE4 /* xkcdViewerUITests.xctest */;
			productType = "com.apple.product-type.bundle.ui-testing";
		};
/* End PBXNativeTarget section */

/* Begin PBXProject section */
		3F6EE06A28F5C5720033CEE4 /* Project object */ = {
			isa = PBXProject;
			attributes = {
				BuildIndependentTargetsInParallel = 1;
				LastSwiftUpdateCheck = 1300;
				LastUpgradeCheck = 1300;
				TargetAttributes = {
					3F6EE07128F5C5720033CEE4 = {
						CreatedOnToolsVersion = 13.0;
					};
					3F6EE08128F5C5730033CEE4 = {
						CreatedOnToolsVersion = 13.0;
						TestTargetID = 3F6EE07128F5C5720033CEE4;
					};
					3F6EE08B28F5C5730033CEE4 = {
						CreatedOnToolsVersion = 13.0;
						TestTargetID = 3F6EE07128F5C5720033CEE4;
					};
				};
			};
			buildConfigurationList = 3F6EE06D28F5C5720033CEE4 /* Build configuration list for PBXProject "xkcdViewer" */;
			compatibilityVersion = "Xcode 13.0";
			developmentRegion = en;
			hasScannedForEncodings = 0;
			knownRegions = (
				en,
				Base,
			);
			mainGroup = 3F6EE06928F5C5720033CEE4;
			packageReferences = (
				3FDA41DC290852C7005131E6 /* XCRemoteSwiftPackageReference "ConfettiSwiftUI" */,
			);
			productRefGroup = 3F6EE07328F5C5720033CEE4 /* Products */;
			projectDirPath = "";
			projectRoot = "";
			targets = (
				3F6EE07128F5C5720033CEE4 /* xkcdViewer */,
				3F6EE08128F5C5730033CEE4 /* xkcdViewerTests */,
				3F6EE08B28F5C5730033CEE4 /* xkcdViewerUITests */,
			);
		};
/* End PBXProject section */

/* Begin PBXResourcesBuildPhase section */
		3F6EE07028F5C5720033CEE4 /* Resources */ = {
			isa = PBXResourcesBuildPhase;
			buildActionMask = 2147483647;
			files = (
				3F6EE07D28F5C5730033CEE4 /* Preview Assets.xcassets in Resources */,
				3F6EE07A28F5C5730033CEE4 /* Assets.xcassets in Resources */,
			);
			runOnlyForDeploymentPostprocessing = 0;
		};
		3F6EE08028F5C5730033CEE4 /* Resources */ = {
			isa = PBXResourcesBuildPhase;
			buildActionMask = 2147483647;
			files = (
			);
			runOnlyForDeploymentPostprocessing = 0;
		};
		3F6EE08A28F5C5730033CEE4 /* Resources */ = {
			isa = PBXResourcesBuildPhase;
			buildActionMask = 2147483647;
			files = (
			);
			runOnlyForDeploymentPostprocessing = 0;
		};
/* End PBXResourcesBuildPhase section */

/* Begin PBXSourcesBuildPhase section */
		3F6EE06E28F5C5720033CEE4 /* Sources */ = {
			isa = PBXSourcesBuildPhase;
			buildActionMask = 2147483647;
			files = (
				3F78F76628F87632008177A1 /* API_Data.swift in Sources */,
				3F78F76428F874F1008177A1 /* API_Model.swift in Sources */,
				3F6EE07828F5C5720033CEE4 /* ContentView.swift in Sources */,
				3F6EE07628F5C5720033CEE4 /* xkcdViewerApp.swift in Sources */,
			);
			runOnlyForDeploymentPostprocessing = 0;
		};
		3F6EE07E28F5C5730033CEE4 /* Sources */ = {
			isa = PBXSourcesBuildPhase;
			buildActionMask = 2147483647;
			files = (
				3F6EE08728F5C5730033CEE4 /* xkcdViewerTests.swift in Sources */,
			);
			runOnlyForDeploymentPostprocessing = 0;
		};
		3F6EE08828F5C5730033CEE4 /* Sources */ = {
			isa = PBXSourcesBuildPhase;
			buildActionMask = 2147483647;
			files = (
				3F6EE09328F5C5730033CEE4 /* xkcdViewerUITestsLaunchTests.swift in Sources */,
				3F6EE09128F5C5730033CEE4 /* xkcdViewerUITests.swift in Sources */,
			);
			runOnlyForDeploymentPostprocessing = 0;
		};
/* End PBXSourcesBuildPhase section */

/* Begin PBXTargetDependency section */
		3F6EE08428F5C5730033CEE4 /* PBXTargetDependency */ = {
			isa = PBXTargetDependency;
			target = 3F6EE07128F5C5720033CEE4 /* xkcdViewer */;
			targetProxy = 3F6EE08328F5C5730033CEE4 /* PBXContainerItemProxy */;
		};
		3F6EE08E28F5C5730033CEE4 /* PBXTargetDependency */ = {
			isa = PBXTargetDependency;
			target = 3F6EE07128F5C5720033CEE4 /* xkcdViewer */;
			targetProxy = 3F6EE08D28F5C5730033CEE4 /* PBXContainerItemProxy */;
		};
/* End PBXTargetDependency section */

/* Begin XCBuildConfiguration section */
		3F6EE09428F5C5730033CEE4 /* Debug */ = {
			isa = XCBuildConfiguration;
			buildSettings = {
				ALWAYS_SEARCH_USER_PATHS = NO;
				CLANG_ANALYZER_NONNULL = YES;
				CLANG_ANALYZER_NUMBER_OBJECT_CONVERSION = YES_AGGRESSIVE;
				CLANG_CXX_LANGUAGE_STANDARD = "gnu++17";
				CLANG_CXX_LIBRARY = "libc++";
				CLANG_ENABLE_MODULES = YES;
				CLANG_ENABLE_OBJC_ARC = YES;
				CLANG_ENABLE_OBJC_WEAK = YES;
				CLANG_WARN_BLOCK_CAPTURE_AUTORELEASING = YES;
				CLANG_WARN_BOOL_CONVERSION = YES;
				CLANG_WARN_COMMA = YES;
				CLANG_WARN_CONSTANT_CONVERSION = YES;
				CLANG_WARN_DEPRECATED_OBJC_IMPLEMENTATIONS = YES;
				CLANG_WARN_DIRECT_OBJC_ISA_USAGE = YES_ERROR;
				CLANG_WARN_DOCUMENTATION_COMMENTS = YES;
				CLANG_WARN_EMPTY_BODY = YES;
				CLANG_WARN_ENUM_CONVERSION = YES;
				CLANG_WARN_INFINITE_RECURSION = YES;
				CLANG_WARN_INT_CONVERSION = YES;
				CLANG_WARN_NON_LITERAL_NULL_CONVERSION = YES;
				CLANG_WARN_OBJC_IMPLICIT_RETAIN_SELF = YES;
				CLANG_WARN_OBJC_LITERAL_CONVERSION = YES;
				CLANG_WARN_OBJC_ROOT_CLASS = YES_ERROR;
				CLANG_WARN_QUOTED_INCLUDE_IN_FRAMEWORK_HEADER = YES;
				CLANG_WARN_RANGE_LOOP_ANALYSIS = YES;
				CLANG_WARN_STRICT_PROTOTYPES = YES;
				CLANG_WARN_SUSPICIOUS_MOVE = YES;
				CLANG_WARN_UNGUARDED_AVAILABILITY = YES_AGGRESSIVE;
				CLANG_WARN_UNREACHABLE_CODE = YES;
				CLANG_WARN__DUPLICATE_METHOD_MATCH = YES;
				COPY_PHASE_STRIP = NO;
				DEBUG_INFORMATION_FORMAT = dwarf;
				ENABLE_STRICT_OBJC_MSGSEND = YES;
				ENABLE_TESTABILITY = YES;
				GCC_C_LANGUAGE_STANDARD = gnu11;
				GCC_DYNAMIC_NO_PIC = NO;
				GCC_NO_COMMON_BLOCKS = YES;
				GCC_OPTIMIZATION_LEVEL = 0;
				GCC_PREPROCESSOR_DEFINITIONS = (
					"DEBUG=1",
					"$(inherited)",
				);
				GCC_WARN_64_TO_32_BIT_CONVERSION = YES;
				GCC_WARN_ABOUT_RETURN_TYPE = YES_ERROR;
				GCC_WARN_UNDECLARED_SELECTOR = YES;
				GCC_WARN_UNINITIALIZED_AUTOS = YES_AGGRESSIVE;
				GCC_WARN_UNUSED_FUNCTION = YES;
				GCC_WARN_UNUSED_VARIABLE = YES;
				IPHONEOS_DEPLOYMENT_TARGET = 15.0;
				MTL_ENABLE_DEBUG_INFO = INCLUDE_SOURCE;
				MTL_FAST_MATH = YES;
				ONLY_ACTIVE_ARCH = YES;
				SDKROOT = iphoneos;
				SWIFT_ACTIVE_COMPILATION_CONDITIONS = DEBUG;
				SWIFT_OPTIMIZATION_LEVEL = "-Onone";
			};
			name = Debug;
		};
		3F6EE09528F5C5730033CEE4 /* Release */ = {
			isa = XCBuildConfiguration;
			buildSettings = {
				ALWAYS_SEARCH_USER_PATHS = NO;
				CLANG_ANALYZER_NONNULL = YES;
				CLANG_ANALYZER_NUMBER_OBJECT_CONVERSION = YES_AGGRESSIVE;
				CLANG_CXX_LANGUAGE_STANDARD = "gnu++17";
				CLANG_CXX_LIBRARY = "libc++";
				CLANG_ENABLE_MODULES = YES;
				CLANG_ENABLE_OBJC_ARC = YES;
				CLANG_ENABLE_OBJC_WEAK = YES;
				CLANG_WARN_BLOCK_CAPTURE_AUTORELEASING = YES;
				CLANG_WARN_BOOL_CONVERSION = YES;
				CLANG_WARN_COMMA = YES;
				CLANG_WARN_CONSTANT_CONVERSION = YES;
				CLANG_WARN_DEPRECATED_OBJC_IMPLEMENTATIONS = YES;
				CLANG_WARN_DIRECT_OBJC_ISA_USAGE = YES_ERROR;
				CLANG_WARN_DOCUMENTATION_COMMENTS = YES;
				CLANG_WARN_EMPTY_BODY = YES;
				CLANG_WARN_ENUM_CONVERSION = YES;
				CLANG_WARN_INFINITE_RECURSION = YES;
				CLANG_WARN_INT_CONVERSION = YES;
				CLANG_WARN_NON_LITERAL_NULL_CONVERSION = YES;
				CLANG_WARN_OBJC_IMPLICIT_RETAIN_SELF = YES;
				CLANG_WARN_OBJC_LITERAL_CONVERSION = YES;
				CLANG_WARN_OBJC_ROOT_CLASS = YES_ERROR;
				CLANG_WARN_QUOTED_INCLUDE_IN_FRAMEWORK_HEADER = YES;
				CLANG_WARN_RANGE_LOOP_ANALYSIS = YES;
				CLANG_WARN_STRICT_PROTOTYPES = YES;
				CLANG_WARN_SUSPICIOUS_MOVE = YES;
				CLANG_WARN_UNGUARDED_AVAILABILITY = YES_AGGRESSIVE;
				CLANG_WARN_UNREACHABLE_CODE = YES;
				CLANG_WARN__DUPLICATE_METHOD_MATCH = YES;
				COPY_PHASE_STRIP = NO;
				DEBUG_INFORMATION_FORMAT = "dwarf-with-dsym";
				ENABLE_NS_ASSERTIONS = NO;
				ENABLE_STRICT_OBJC_MSGSEND = YES;
				GCC_C_LANGUAGE_STANDARD = gnu11;
				GCC_NO_COMMON_BLOCKS = YES;
				GCC_WARN_64_TO_32_BIT_CONVERSION = YES;
				GCC_WARN_ABOUT_RETURN_TYPE = YES_ERROR;
				GCC_WARN_UNDECLARED_SELECTOR = YES;
				GCC_WARN_UNINITIALIZED_AUTOS = YES_AGGRESSIVE;
				GCC_WARN_UNUSED_FUNCTION = YES;
				GCC_WARN_UNUSED_VARIABLE = YES;
				IPHONEOS_DEPLOYMENT_TARGET = 15.0;
				MTL_ENABLE_DEBUG_INFO = NO;
				MTL_FAST_MATH = YES;
				SDKROOT = iphoneos;
				SWIFT_COMPILATION_MODE = wholemodule;
				SWIFT_OPTIMIZATION_LEVEL = "-O";
				VALIDATE_PRODUCT = YES;
			};
			name = Release;
		};
		3F6EE09728F5C5730033CEE4 /* Debug */ = {
			isa = XCBuildConfiguration;
			buildSettings = {
				ASSETCATALOG_COMPILER_APPICON_NAME = AppIcon;
				ASSETCATALOG_COMPILER_GLOBAL_ACCENT_COLOR_NAME = AccentColor;
				CODE_SIGN_STYLE = Automatic;
				CURRENT_PROJECT_VERSION = 1;
				DEVELOPMENT_ASSET_PATHS = "\"xkcdViewer/Preview Content\"";
				ENABLE_PREVIEWS = YES;
				GENERATE_INFOPLIST_FILE = YES;
				INFOPLIST_KEY_UIApplicationSceneManifest_Generation = YES;
				INFOPLIST_KEY_UIApplicationSupportsIndirectInputEvents = YES;
				INFOPLIST_KEY_UILaunchScreen_Generation = YES;
				INFOPLIST_KEY_UISupportedInterfaceOrientations_iPad = "UIInterfaceOrientationPortrait UIInterfaceOrientationPortraitUpsideDown UIInterfaceOrientationLandscapeLeft UIInterfaceOrientationLandscapeRight";
				INFOPLIST_KEY_UISupportedInterfaceOrientations_iPhone = "UIInterfaceOrientationPortrait UIInterfaceOrientationLandscapeLeft UIInterfaceOrientationLandscapeRight";
				IPHONEOS_DEPLOYMENT_TARGET = 14.0;
				LD_RUNPATH_SEARCH_PATHS = (
					"$(inherited)",
					"@executable_path/Frameworks",
				);
				MARKETING_VERSION = 1.0;
				PRODUCT_BUNDLE_IDENTIFIER = com.paktric.xkcdViewer;
				PRODUCT_NAME = "$(TARGET_NAME)";
				SWIFT_EMIT_LOC_STRINGS = YES;
				SWIFT_VERSION = 5.0;
				TARGETED_DEVICE_FAMILY = "1,2";
			};
			name = Debug;
		};
		3F6EE09828F5C5730033CEE4 /* Release */ = {
			isa = XCBuildConfiguration;
			buildSettings = {
				ASSETCATALOG_COMPILER_APPICON_NAME = AppIcon;
				ASSETCATALOG_COMPILER_GLOBAL_ACCENT_COLOR_NAME = AccentColor;
				CODE_SIGN_STYLE = Automatic;
				CURRENT_PROJECT_VERSION = 1;
				DEVELOPMENT_ASSET_PATHS = "\"xkcdViewer/Preview Content\"";
				ENABLE_PREVIEWS = YES;
				GENERATE_INFOPLIST_FILE = YES;
				INFOPLIST_KEY_UIApplicationSceneManifest_Generation = YES;
				INFOPLIST_KEY_UIApplicationSupportsIndirectInputEvents = YES;
				INFOPLIST_KEY_UILaunchScreen_Generation = YES;
				INFOPLIST_KEY_UISupportedInterfaceOrientations_iPad = "UIInterfaceOrientationPortrait UIInterfaceOrientationPortraitUpsideDown UIInterfaceOrientationLandscapeLeft UIInterfaceOrientationLandscapeRight";
				INFOPLIST_KEY_UISupportedInterfaceOrientations_iPhone = "UIInterfaceOrientationPortrait UIInterfaceOrientationLandscapeLeft UIInterfaceOrientationLandscapeRight";
				IPHONEOS_DEPLOYMENT_TARGET = 14.0;
				LD_RUNPATH_SEARCH_PATHS = (
					"$(inherited)",
					"@executable_path/Frameworks",
				);
				MARKETING_VERSION = 1.0;
				PRODUCT_BUNDLE_IDENTIFIER = com.paktric.xkcdViewer;
				PRODUCT_NAME = "$(TARGET_NAME)";
				SWIFT_EMIT_LOC_STRINGS = YES;
				SWIFT_VERSION = 5.0;
				TARGETED_DEVICE_FAMILY = "1,2";
			};
			name = Release;
		};
		3F6EE09A28F5C5730033CEE4 /* Debug */ = {
			isa = XCBuildConfiguration;
			buildSettings = {
				ALWAYS_EMBED_SWIFT_STANDARD_LIBRARIES = YES;
				BUNDLE_LOADER = "$(TEST_HOST)";
				CODE_SIGN_STYLE = Automatic;
				CURRENT_PROJECT_VERSION = 1;
				GENERATE_INFOPLIST_FILE = YES;
				IPHONEOS_DEPLOYMENT_TARGET = 14.0;
				LD_RUNPATH_SEARCH_PATHS = (
					"$(inherited)",
					"@executable_path/Frameworks",
					"@loader_path/Frameworks",
				);
				MARKETING_VERSION = 1.0;
				PRODUCT_BUNDLE_IDENTIFIER = com.paktric.xkcdViewerTests;
				PRODUCT_NAME = "$(TARGET_NAME)";
				SWIFT_EMIT_LOC_STRINGS = NO;
				SWIFT_VERSION = 5.0;
				TARGETED_DEVICE_FAMILY = "1,2";
				TEST_HOST = "$(BUILT_PRODUCTS_DIR)/xkcdViewer.app/xkcdViewer";
			};
			name = Debug;
		};
		3F6EE09B28F5C5730033CEE4 /* Release */ = {
			isa = XCBuildConfiguration;
			buildSettings = {
				ALWAYS_EMBED_SWIFT_STANDARD_LIBRARIES = YES;
				BUNDLE_LOADER = "$(TEST_HOST)";
				CODE_SIGN_STYLE = Automatic;
				CURRENT_PROJECT_VERSION = 1;
				GENERATE_INFOPLIST_FILE = YES;
				IPHONEOS_DEPLOYMENT_TARGET = 14.0;
				LD_RUNPATH_SEARCH_PATHS = (
					"$(inherited)",
					"@executable_path/Frameworks",
					"@loader_path/Frameworks",
				);
				MARKETING_VERSION = 1.0;
				PRODUCT_BUNDLE_IDENTIFIER = com.paktric.xkcdViewerTests;
				PRODUCT_NAME = "$(TARGET_NAME)";
				SWIFT_EMIT_LOC_STRINGS = NO;
				SWIFT_VERSION = 5.0;
				TARGETED_DEVICE_FAMILY = "1,2";
				TEST_HOST = "$(BUILT_PRODUCTS_DIR)/xkcdViewer.app/xkcdViewer";
			};
			name = Release;
		};
		3F6EE09D28F5C5730033CEE4 /* Debug */ = {
			isa = XCBuildConfiguration;
			buildSettings = {
				ALWAYS_EMBED_SWIFT_STANDARD_LIBRARIES = YES;
				CODE_SIGN_STYLE = Automatic;
				CURRENT_PROJECT_VERSION = 1;
				GENERATE_INFOPLIST_FILE = YES;
				LD_RUNPATH_SEARCH_PATHS = (
					"$(inherited)",
					"@executable_path/Frameworks",
					"@loader_path/Frameworks",
				);
				MARKETING_VERSION = 1.0;
				PRODUCT_BUNDLE_IDENTIFIER = com.paktric.xkcdViewerUITests;
				PRODUCT_NAME = "$(TARGET_NAME)";
				SWIFT_EMIT_LOC_STRINGS = NO;
				SWIFT_VERSION = 5.0;
				TARGETED_DEVICE_FAMILY = "1,2";
				TEST_TARGET_NAME = xkcdViewer;
			};
			name = Debug;
		};
		3F6EE09E28F5C5730033CEE4 /* Release */ = {
			isa = XCBuildConfiguration;
			buildSettings = {
				ALWAYS_EMBED_SWIFT_STANDARD_LIBRARIES = YES;
				CODE_SIGN_STYLE = Automatic;
				CURRENT_PROJECT_VERSION = 1;
				GENERATE_INFOPLIST_FILE = YES;
				LD_RUNPATH_SEARCH_PATHS = (
					"$(inherited)",
					"@executable_path/Frameworks",
					"@loader_path/Frameworks",
				);
				MARKETING_VERSION = 1.0;
				PRODUCT_BUNDLE_IDENTIFIER = com.paktric.xkcdViewerUITests;
				PRODUCT_NAME = "$(TARGET_NAME)";
				SWIFT_EMIT_LOC_STRINGS = NO;
				SWIFT_VERSION = 5.0;
				TARGETED_DEVICE_FAMILY = "1,2";
				TEST_TARGET_NAME = xkcdViewer;
			};
			name = Release;
		};
/* End XCBuildConfiguration section */

/* Begin XCConfigurationList section */
		3F6EE06D28F5C5720033CEE4 /* Build configuration list for PBXProject "xkcdViewer" */ = {
			isa = XCConfigurationList;
			buildConfigurations = (
				3F6EE09428F5C5730033CEE4 /* Debug */,
				3F6EE09528F5C5730033CEE4 /* Release */,
			);
			defaultConfigurationIsVisible = 0;
			defaultConfigurationName = Release;
		};
		3F6EE09628F5C5730033CEE4 /* Build configuration list for PBXNativeTarget "xkcdViewer" */ = {
			isa = XCConfigurationList;
			buildConfigurations = (
				3F6EE09728F5C5730033CEE4 /* Debug */,
				3F6EE09828F5C5730033CEE4 /* Release */,
			);
			defaultConfigurationIsVisible = 0;
			defaultConfigurationName = Release;
		};
		3F6EE09928F5C5730033CEE4 /* Build configuration list for PBXNativeTarget "xkcdViewerTests" */ = {
			isa = XCConfigurationList;
			buildConfigurations = (
				3F6EE09A28F5C5730033CEE4 /* Debug */,
				3F6EE09B28F5C5730033CEE4 /* Release */,
			);
			defaultConfigurationIsVisible = 0;
			defaultConfigurationName = Release;
		};
		3F6EE09C28F5C5730033CEE4 /* Build configuration list for PBXNativeTarget "xkcdViewerUITests" */ = {
			isa = XCConfigurationList;
			buildConfigurations = (
				3F6EE09D28F5C5730033CEE4 /* Debug */,
				3F6EE09E28F5C5730033CEE4 /* Release */,
			);
			defaultConfigurationIsVisible = 0;
			defaultConfigurationName = Release;
		};
/* End XCConfigurationList section */

/* Begin XCRemoteSwiftPackageReference section */
		3FDA41DC290852C7005131E6 /* XCRemoteSwiftPackageReference "ConfettiSwiftUI" */ = {
			isa = XCRemoteSwiftPackageReference;
			repositoryURL = "https://github.com/simibac/ConfettiSwiftUI";
			requirement = {
				branch = master;
				kind = branch;
			};
		};
/* End XCRemoteSwiftPackageReference section */

/* Begin XCSwiftPackageProductDependency section */
		3FDA41DD290852C7005131E6 /* ConfettiSwiftUI */ = {
			isa = XCSwiftPackageProductDependency;
			package = 3FDA41DC290852C7005131E6 /* XCRemoteSwiftPackageReference "ConfettiSwiftUI" */;
			productName = ConfettiSwiftUI;
		};
/* End XCSwiftPackageProductDependency section */
	};
	rootObject = 3F6EE06A28F5C5720033CEE4 /* Project object */;
}
